
Microsoft Visual Studio Solution File, Format Version 12.00
# Visual Studio 15
VisualStudioVersion = 15.0.28307.960
MinimumVisualStudioVersion = 10.0.40219.1
Project("{FAE04EC0-301F-11D3-BF4B-00C04F79EFBC}") = "Monedas", "Monedas\Monedas.csproj", "{23BD103D-4742-4FBB-9F8A-0B7B859D82E8}"
EndProject
Project("{FAE04EC0-301F-11D3-BF4B-00C04F79EFBC}") = "Monedas.Tests", "Monedas.Tests\Monedas.Tests.csproj", "{BD984538-FF73-4948-B024-8E7B79C51D82}"
EndProject
Global
	GlobalSection(SolutionConfigurationPlatforms) = preSolution
		Debug|Any CPU = Debug|Any CPU
		Release|Any CPU = Release|Any CPU
	EndGlobalSection
	GlobalSection(ProjectConfigurationPlatforms) = postSolution
		{23BD103D-4742-4FBB-9F8A-0B7B859D82E8}.Debug|Any CPU.ActiveCfg = Debug|Any CPU
		{23BD103D-4742-4FBB-9F8A-0B7B859D82E8}.Debug|Any CPU.Build.0 = Debug|Any CPU
		{23BD103D-4742-4FBB-9F8A-0B7B859D82E8}.Release|Any CPU.ActiveCfg = Release|Any CPU
		{23BD103D-4742-4FBB-9F8A-0B7B859D82E8}.Release|Any CPU.Build.0 = Release|Any CPU
		{BD984538-FF73-4948-B024-8E7B79C51D82}.Debug|Any CPU.ActiveCfg = Debug|Any CPU
		{BD984538-FF73-4948-B024-8E7B79C51D82}.Debug|Any CPU.Build.0 = Debug|Any CPU
		{BD984538-FF73-4948-B024-8E7B79C51D82}.Release|Any CPU.ActiveCfg = Release|Any CPU
		{BD984538-FF73-4948-B024-8E7B79C51D82}.Release|Any CPU.Build.0 = Release|Any CPU
	EndGlobalSection
	GlobalSection(SolutionProperties) = preSolution
		HideSolutionNode = FALSE
	EndGlobalSection
	GlobalSection(ExtensibilityGlobals) = postSolution
		SolutionGuid = {46DA420C-200F-4848-BE6F-B98AEEA35EC5}
	EndGlobalSection
EndGlobal
